// !$*UTF8*$!
{
	archiveVersion = 1;
	classes = {
	};
	objectVersion = 50;
	objects = {

/* Begin PBXBuildFile section */
		564B1A82247346FA0092D8FC /* ColorsTableViewController.swift in Sources */ = {isa = PBXBuildFile; fileRef = 564B1A81247346FA0092D8FC /* ColorsTableViewController.swift */; };
		564B1A842473475A0092D8FC /* ColorDetailViewController.swift in Sources */ = {isa = PBXBuildFile; fileRef = 564B1A832473475A0092D8FC /* ColorDetailViewController.swift */; };
		564B1A862473492C0092D8FC /* Colors.swift in Sources */ = {isa = PBXBuildFile; fileRef = 564B1A852473492C0092D8FC /* Colors.swift */; };
		566072FB2469B16E00B47077 /* AppDelegate.swift in Sources */ = {isa = PBXBuildFile; fileRef = 566072FA2469B16E00B47077 /* AppDelegate.swift */; };
		566072FD2469B16E00B47077 /* SceneDelegate.swift in Sources */ = {isa = PBXBuildFile; fileRef = 566072FC2469B16E00B47077 /* SceneDelegate.swift */; };
		566073022469B16E00B47077 /* Main.storyboard in Resources */ = {isa = PBXBuildFile; fileRef = 566073002469B16E00B47077 /* Main.storyboard */; };
		566073042469B17A00B47077 /* Assets.xcassets in Resources */ = {isa = PBXBuildFile; fileRef = 566073032469B17A00B47077 /* Assets.xcassets */; };
		566073072469B17A00B47077 /* LaunchScreen.storyboard in Resources */ = {isa = PBXBuildFile; fileRef = 566073052469B17A00B47077 /* LaunchScreen.storyboard */; };
/* End PBXBuildFile section */

/* Begin PBXFileReference section */
		564B1A81247346FA0092D8FC /* ColorsTableViewController.swift */ = {isa = PBXFileReference; lastKnownFileType = sourcecode.swift; path = ColorsTableViewController.swift; sourceTree = "<group>"; };
		564B1A832473475A0092D8FC /* ColorDetailViewController.swift */ = {isa = PBXFileReference; lastKnownFileType = sourcecode.swift; path = ColorDetailViewController.swift; sourceTree = "<group>"; };
		564B1A852473492C0092D8FC /* Colors.swift */ = {isa = PBXFileReference; lastKnownFileType = sourcecode.swift; path = Colors.swift; sourceTree = "<group>"; };
		566072F72469B16E00B47077 /* Raindow.app */ = {isa = PBXFileReference; explicitFileType = wrapper.application; includeInIndex = 0; path = Raindow.app; sourceTree = BUILT_PRODUCTS_DIR; };
		566072FA2469B16E00B47077 /* AppDelegate.swift */ = {isa = PBXFileReference; lastKnownFileType = sourcecode.swift; path = AppDelegate.swift; sourceTree = "<group>"; };
		566072FC2469B16E00B47077 /* SceneDelegate.swift */ = {isa = PBXFileReference; lastKnownFileType = sourcecode.swift; path = SceneDelegate.swift; sourceTree = "<group>"; };
		566073012469B16E00B47077 /* Base */ = {isa = PBXFileReference; lastKnownFileType = file.storyboard; name = Base; path = Base.lproj/Main.storyboard; sourceTree = "<group>"; };
		566073032469B17A00B47077 /* Assets.xcassets */ = {isa = PBXFileReference; lastKnownFileType = folder.assetcatalog; path = Assets.xcassets; sourceTree = "<group>"; };
		566073062469B17A00B47077 /* Base */ = {isa = PBXFileReference; lastKnownFileType = file.storyboard; name = Base; path = Base.lproj/LaunchScreen.storyboard; sourceTree = "<group>"; };
		566073082469B17A00B47077 /* Info.plist */ = {isa = PBXFileReference; lastKnownFileType = text.plist.xml; path = Info.plist; sourceTree = "<group>"; };
/* End PBXFileReference section */

/* Begin PBXFrameworksBuildPhase section */
		566072F42469B16E00B47077 /* Frameworks */ = {
			isa = PBXFrameworksBuildPhase;
			buildActionMask = 2147483647;
			files = (
			);
			runOnlyForDeploymentPostprocessing = 0;
		};
/* End PBXFrameworksBuildPhase section */

/* Begin PBXGroup section */
		566072EE2469B16D00B47077 = {
			isa = PBXGroup;
			children = (
				566072F92469B16E00B47077 /* Raindow */,
				566072F82469B16E00B47077 /* Products */,
			);
			sourceTree = "<group>";
		};
		566072F82469B16E00B47077 /* Products */ = {
			isa = PBXGroup;
			children = (
				566072F72469B16E00B47077 /* Raindow.app */,
			);
			name = Products;
			sourceTree = "<group>";
		};
		566072F92469B16E00B47077 /* Raindow */ = {
			isa = PBXGroup;
			children = (
				566072FA2469B16E00B47077 /* AppDelegate.swift */,
				566072FC2469B16E00B47077 /* SceneDelegate.swift */,
				566073052469B17A00B47077 /* LaunchScreen.storyboard */,
				564B1A81247346FA0092D8FC /* ColorsTableViewController.swift */,
				564B1A832473475A0092D8FC /* ColorDetailViewController.swift */,
				566073002469B16E00B47077 /* Main.storyboard */,
				564B1A852473492C0092D8FC /* Colors.swift */,
				566073032469B17A00B47077 /* Assets.xcassets */,
				566073082469B17A00B47077 /* Info.plist */,
			);
			path = Raindow;
			sourceTree = "<group>";
		};
/* End PBXGroup section */

/* Begin PBXNativeTarget section */
		566072F62469B16E00B47077 /* Raindow */ = {
			isa = PBXNativeTarget;
			buildConfigurationList = 5660730B2469B17A00B47077 /* Build configuration list for PBXNativeTarget "Raindow" */;
			buildPhases = (
				566072F32469B16E00B47077 /* Sources */,
				566072F42469B16E00B47077 /* Frameworks */,
				566072F52469B16E00B47077 /* Resources */,
			);
			buildRules = (
			);
			dependencies = (
			);
			name = Raindow;
			productName = Raindow;
			productReference = 566072F72469B16E00B47077 /* Raindow.app */;
			productType = "com.apple.product-type.application";
		};
/* End PBXNativeTarget section */

/* Begin PBXProject section */
		566072EF2469B16D00B47077 /* Project object */ = {
			isa = PBXProject;
			attributes = {
				LastSwiftUpdateCheck = 1140;
				LastUpgradeCheck = 1140;
				ORGANIZATIONNAME = "Lambda School";
				TargetAttributes = {
					566072F62469B16E00B47077 = {
						CreatedOnToolsVersion = 11.4.1;
					};
				};
			};
			buildConfigurationList = 566072F22469B16D00B47077 /* Build configuration list for PBXProject "Raindow" */;
			compatibilityVersion = "Xcode 9.3";
			developmentRegion = en;
			hasScannedForEncodings = 0;
			knownRegions = (
				en,
				Base,
			);
			mainGroup = 566072EE2469B16D00B47077;
			productRefGroup = 566072F82469B16E00B47077 /* Products */;
			projectDirPath = "";
			projectRoot = "";
			targets = (
				566072F62469B16E00B47077 /* Raindow */,
			);
		};
/* End PBXProject section */

/* Begin PBXResourcesBuildPhase section */
		566072F52469B16E00B47077 /* Resources */ = {
			isa = PBXResourcesBuildPhase;
			buildActionMask = 2147483647;
			files = (
				566073072469B17A00B47077 /* LaunchScreen.storyboard in Resources */,
				566073042469B17A00B47077 /* Assets.xcassets in Resources */,
				566073022469B16E00B47077 /* Main.storyboard in Resources */,
			);
			runOnlyForDeploymentPostprocessing = 0;
		};
/* End PBXResourcesBuildPhase section */

/* Begin PBXSourcesBuildPhase section */
		566072F32469B16E00B47077 /* Sources */ = {
			isa = PBXSourcesBuildPhase;
			buildActionMask = 2147483647;
			files = (
				566072FB2469B16E00B47077 /* AppDelegate.swift in Sources */,
				564B1A862473492C0092D8FC /* Colors.swift in Sources */,
				566072FD2469B16E00B47077 /* SceneDelegate.swift in Sources */,
				564B1A82247346FA0092D8FC /* ColorsTableViewController.swift in Sources */,
				564B1A842473475A0092D8FC /* ColorDetailViewController.swift in Sources */,
			);
			runOnlyForDeploymentPostprocessing = 0;
		};
/* End PBXSourcesBuildPhase section */

/* Begin PBXVariantGroup section */
		566073002469B16E00B47077 /* Main.storyboard */ = {
			isa = PBXVariantGroup;
			children = (
				566073012469B16E00B47077 /* Base */,
			);
			name = Main.storyboard;
			sourceTree = "<group>";
		};
		566073052469B17A00B47077 /* LaunchScreen.storyboard */ = {
			isa = PBXVariantGroup;
			children = (
				566073062469B17A00B47077 /* Base */,
			);
			name = LaunchScreen.storyboard;
			sourceTree = "<group>";
		};
/* End PBXVariantGroup section */

/* Begin XCBuildConfiguration section */
		566073092469B17A00B47077 /* Debug */ = {
			isa = XCBuildConfiguration;
			buildSettings = {
				ALWAYS_SEARCH_USER_PATHS = NO;
				CLANG_ANALYZER_NONNULL = YES;
				CLANG_ANALYZER_NUMBER_OBJECT_CONVERSION = YES_AGGRESSIVE;
				CLANG_CXX_LANGUAGE_STANDARD = "gnu++14";
				CLANG_CXX_LIBRARY = "libc++";
				CLANG_ENABLE_MODULES = YES;
				CLANG_ENABLE_OBJC_ARC = YES;
				CLANG_ENABLE_OBJC_WEAK = YES;
				CLANG_WARN_BLOCK_CAPTURE_AUTORELEASING = YES;
				CLANG_WARN_BOOL_CONVERSION = YES;
				CLANG_WARN_COMMA = YES;
				CLANG_WARN_CONSTANT_CONVERSION = YES;
				CLANG_WARN_DEPRECATED_OBJC_IMPLEMENTATIONS = YES;
				CLANG_WARN_DIRECT_OBJC_ISA_USAGE = YES_ERROR;
				CLANG_WARN_DOCUMENTATION_COMMENTS = YES;
				CLANG_WARN_EMPTY_BODY = YES;
				CLANG_WARN_ENUM_CONVERSION = YES;
				CLANG_WARN_INFINITE_RECURSION = YES;
				CLANG_WARN_INT_CONVERSION = YES;
				CLANG_WARN_NON_LITERAL_NULL_CONVERSION = YES;
				CLANG_WARN_OBJC_IMPLICIT_RETAIN_SELF = YES;
				CLANG_WARN_OBJC_LITERAL_CONVERSION = YES;
				CLANG_WARN_OBJC_ROOT_CLASS = YES_ERROR;
				CLANG_WARN_RANGE_LOOP_ANALYSIS = YES;
				CLANG_WARN_STRICT_PROTOTYPES = YES;
				CLANG_WARN_SUSPICIOUS_MOVE = YES;
				CLANG_WARN_UNGUARDED_AVAILABILITY = YES_AGGRESSIVE;
				CLANG_WARN_UNREACHABLE_CODE = YES;
				CLANG_WARN__DUPLICATE_METHOD_MATCH = YES;
				COPY_PHASE_STRIP = NO;
				DEBUG_INFORMATION_FORMAT = dwarf;
				ENABLE_STRICT_OBJC_MSGSEND = YES;
				ENABLE_TESTABILITY = YES;
				GCC_C_LANGUAGE_STANDARD = gnu11;
				GCC_DYNAMIC_NO_PIC = NO;
				GCC_NO_COMMON_BLOCKS = YES;
				GCC_OPTIMIZATION_LEVEL = 0;
				GCC_PREPROCESSOR_DEFINITIONS = (
					"DEBUG=1",
					"$(inherited)",
				);
				GCC_WARN_64_TO_32_BIT_CONVERSION = YES;
				GCC_WARN_ABOUT_RETURN_TYPE = YES_ERROR;
				GCC_WARN_UNDECLARED_SELECTOR = YES;
				GCC_WARN_UNINITIALIZED_AUTOS = YES_AGGRESSIVE;
				GCC_WARN_UNUSED_FUNCTION = YES;
				GCC_WARN_UNUSED_VARIABLE = YES;
				IPHONEOS_DEPLOYMENT_TARGET = 13.4;
				MTL_ENABLE_DEBUG_INFO = INCLUDE_SOURCE;
				MTL_FAST_MATH = YES;
				ONLY_ACTIVE_ARCH = YES;
				SDKROOT = iphoneos;
				SWIFT_ACTIVE_COMPILATION_CONDITIONS = DEBUG;
				SWIFT_OPTIMIZATION_LEVEL = "-Onone";
			};
			name = Debug;
		};
		5660730A2469B17A00B47077 /* Release */ = {
			isa = XCBuildConfiguration;
			buildSettings = {
				ALWAYS_SEARCH_USER_PATHS = NO;
				CLANG_ANALYZER_NONNULL = YES;
				CLANG_ANALYZER_NUMBER_OBJECT_CONVERSION = YES_AGGRESSIVE;
				CLANG_CXX_LANGUAGE_STANDARD = "gnu++14";
				CLANG_CXX_LIBRARY = "libc++";
				CLANG_ENABLE_MODULES = YES;
				CLANG_ENABLE_OBJC_ARC = YES;
				CLANG_ENABLE_OBJC_WEAK = YES;
				CLANG_WARN_BLOCK_CAPTURE_AUTORELEASING = YES;
				CLANG_WARN_BOOL_CONVERSION = YES;
				CLANG_WARN_COMMA = YES;
				CLANG_WARN_CONSTANT_CONVERSION = YES;
				CLANG_WARN_DEPRECATED_OBJC_IMPLEMENTATIONS = YES;
				CLANG_WARN_DIRECT_OBJC_ISA_USAGE = YES_ERROR;
				CLANG_WARN_DOCUMENTATION_COMMENTS = YES;
				CLANG_WARN_EMPTY_BODY = YES;
				CLANG_WARN_ENUM_CONVERSION = YES;
				CLANG_WARN_INFINITE_RECURSION = YES;
				CLANG_WARN_INT_CONVERSION = YES;
				CLANG_WARN_NON_LITERAL_NULL_CONVERSION = YES;
				CLANG_WARN_OBJC_IMPLICIT_RETAIN_SELF = YES;
				CLANG_WARN_OBJC_LITERAL_CONVERSION = YES;
				CLANG_WARN_OBJC_ROOT_CLASS = YES_ERROR;
				CLANG_WARN_RANGE_LOOP_ANALYSIS = YES;
				CLANG_WARN_STRICT_PROTOTYPES = YES;
				CLANG_WARN_SUSPICIOUS_MOVE = YES;
				CLANG_WARN_UNGUARDED_AVAILABILITY = YES_AGGRESSIVE;
				CLANG_WARN_UNREACHABLE_CODE = YES;
				CLANG_WARN__DUPLICATE_METHOD_MATCH = YES;
				COPY_PHASE_STRIP = NO;
				DEBUG_INFORMATION_FORMAT = "dwarf-with-dsym";
				ENABLE_NS_ASSERTIONS = NO;
				ENABLE_STRICT_OBJC_MSGSEND = YES;
				GCC_C_LANGUAGE_STANDARD = gnu11;
				GCC_NO_COMMON_BLOCKS = YES;
				GCC_WARN_64_TO_32_BIT_CONVERSION = YES;
				GCC_WARN_ABOUT_RETURN_TYPE = YES_ERROR;
				GCC_WARN_UNDECLARED_SELECTOR = YES;
				GCC_WARN_UNINITIALIZED_AUTOS = YES_AGGRESSIVE;
				GCC_WARN_UNUSED_FUNCTION = YES;
				GCC_WARN_UNUSED_VARIABLE = YES;
				IPHONEOS_DEPLOYMENT_TARGET = 13.4;
				MTL_ENABLE_DEBUG_INFO = NO;
				MTL_FAST_MATH = YES;
				SDKROOT = iphoneos;
				SWIFT_COMPILATION_MODE = wholemodule;
				SWIFT_OPTIMIZATION_LEVEL = "-O";
				VALIDATE_PRODUCT = YES;
			};
			name = Release;
		};
		5660730C2469B17A00B47077 /* Debug */ = {
			isa = XCBuildConfiguration;
			buildSettings = {
				ASSETCATALOG_COMPILER_APPICON_NAME = AppIcon;
				CODE_SIGN_STYLE = Automatic;
				INFOPLIST_FILE = Raindow/Info.plist;
				LD_RUNPATH_SEARCH_PATHS = (
					"$(inherited)",
					"@executable_path/Frameworks",
				);
				PRODUCT_BUNDLE_IDENTIFIER = com.drewmiller.Raindow;
				PRODUCT_NAME = "$(TARGET_NAME)";
				SWIFT_VERSION = 5.0;
				TARGETED_DEVICE_FAMILY = "1,2";
			};
			name = Debug;
		};
		5660730D2469B17A00B47077 /* Release */ = {
			isa = XCBuildConfiguration;
			buildSettings = {
				ASSETCATALOG_COMPILER_APPICON_NAME = AppIcon;
				CODE_SIGN_STYLE = Automatic;
				INFOPLIST_FILE = Raindow/Info.plist;
				LD_RUNPATH_SEARCH_PATHS = (
					"$(inherited)",
					"@executable_path/Frameworks",
				);
				PRODUCT_BUNDLE_IDENTIFIER = com.drewmiller.Raindow;
				PRODUCT_NAME = "$(TARGET_NAME)";
				SWIFT_VERSION = 5.0;
				TARGETED_DEVICE_FAMILY = "1,2";
			};
			name = Release;
		};
/* End XCBuildConfiguration section */

/* Begin XCConfigurationList section */
		566072F22469B16D00B47077 /* Build configuration list for PBXProject "Raindow" */ = {
			isa = XCConfigurationList;
			buildConfigurations = (
				566073092469B17A00B47077 /* Debug */,
				5660730A2469B17A00B47077 /* Release */,
			);
			defaultConfigurationIsVisible = 0;
			defaultConfigurationName = Release;
		};
		5660730B2469B17A00B47077 /* Build configuration list for PBXNativeTarget "Raindow" */ = {
			isa = XCConfigurationList;
			buildConfigurations = (
				5660730C2469B17A00B47077 /* Debug */,
				5660730D2469B17A00B47077 /* Release */,
			);
			defaultConfigurationIsVisible = 0;
			defaultConfigurationName = Release;
		};
/* End XCConfigurationList section */
	};
	rootObject = 566072EF2469B16D00B47077 /* Project object */;
}
